
Microsoft Visual Studio Solution File, Format Version 12.00
# Visual Studio Version 16
VisualStudioVersion = 16.0.30611.23
MinimumVisualStudioVersion = 10.0.40219.1
Project("{888888A0-9F3D-457C-B088-3A5042F75D52}") = "EUROOPA", "EUROOPA.pyproj", "{D87DF589-CF1E-4F0B-B191-927C7F78A848}"
EndProject
Global
	GlobalSection(SolutionConfigurationPlatforms) = preSolution
		Debug|Any CPU = Debug|Any CPU
		Release|Any CPU = Release|Any CPU
	EndGlobalSection
	GlobalSection(ProjectConfigurationPlatforms) = postSolution
		{D87DF589-CF1E-4F0B-B191-927C7F78A848}.Debug|Any CPU.ActiveCfg = Debug|Any CPU
		{D87DF589-CF1E-4F0B-B191-927C7F78A848}.Release|Any CPU.ActiveCfg = Release|Any CPU
	EndGlobalSection
	GlobalSection(SolutionProperties) = preSolution
		HideSolutionNode = FALSE
	EndGlobalSection
	GlobalSection(ExtensibilityGlobals) = postSolution
		SolutionGuid = {C3BE6991-341A-4B50-A60F-97760151261E}
	EndGlobalSection
EndGlobal
